{
  "name": "vue-directive-window",
  "version": "0.7.2",
  "lockfileVersion": 1,
  "requires": true,
  "dependencies": {
    "component-type": {
      "version": "1.2.1",
      "resolved": "https://registry.npm.taobao.org/component-type/download/component-type-1.2.1.tgz",
      "integrity": "sha1-ikeQFwAjjk/DIml3EjAibyS0Fak="
    },
    "core-js": {
      "version": "2.6.9",
      "resolved": "https://registry.npm.taobao.org/core-js/download/core-js-2.6.9.tgz",
      "integrity": "sha1-a0shRiDINBUuF5Mjcn/Bl0GwhPI="
    },
    "current-script-polyfill": {
      "version": "1.0.0",
      "resolved": "https://registry.npm.taobao.org/current-script-polyfill/download/current-script-polyfill-1.0.0.tgz",
      "integrity": "sha1-8xz35PPiGLBybnOMqSoC00iO9hU="
    },
    "eivindfjeldstad-dot": {
      "version": "0.0.1",
      "resolved": "https://registry.npm.taobao.org/eivindfjeldstad-dot/download/eivindfjeldstad-dot-0.0.1.tgz",
      "integrity": "sha1-IvyXa/rzBuCDmjHbjoITSA+vuJM="
    },
    "typecast": {
      "version": "0.0.1",
      "resolved": "https://registry.npm.taobao.org/typecast/download/typecast-0.0.1.tgz",
      "integrity": "sha1-//t13La98d744pO2tuiT1sHtGd4="
    },
    "validate": {
      "version": "4.5.1",
      "resolved": "https://registry.npm.taobao.org/validate/download/validate-4.5.1.tgz",
      "integrity": "sha1-uja4RQtLrUzPUtZmuoCrssAcrOI=",
      "requires": {
        "component-type": "1.2.1",
        "eivindfjeldstad-dot": "0.0.1",
        "typecast": "0.0.1"
      }
    },
    "vue": {
      "version": "2.6.10",
      "resolved": "https://registry.npm.taobao.org/vue/download/vue-2.6.10.tgz",
      "integrity": "sha1-pysaQqTYKnIepDjRtr9V5mGVxjc="
    },
    "vue-router": {
      "version": "3.1.3",
      "resolved": "https://registry.npm.taobao.org/vue-router/download/vue-router-3.1.3.tgz?cache=0&other_urls=https%3A%2F%2Fregistry.npm.taobao.org%2Fvue-router%2Fdownload%2Fvue-router-3.1.3.tgz",
      "integrity": "sha1-5rFPq8DA7p/aDiy72nSzUOKOQSs="
    },
    "vuex": {
      "version": "3.1.1",
      "resolved": "https://registry.npm.taobao.org/vuex/download/vuex-3.1.1.tgz",
      "integrity": "sha1-DCZL/jDNvM+Wq52zF30hGCilkQ4="
    }
  }
}
